{
  "name": "async-compat-performance",
  "version": "0.0.0",
  "lockfileVersion": 2,
  "requires": true,
  "packages": {
    "": {
      "name": "async-compat-performance",
      "version": "0.0.0",
      "license": "MIT",
      "dependencies": {
        "async-compat-1.3.0": "npm:async-compatibilty@1.4.1",
        "benchmark-suite": "^0.1.8"
      },
      "engines": {
        "node": ">=8"
      }
    },
    "node_modules/async-compat": {
      "version": "1.4.7",
      "resolved": "https://registry.npmjs.org/async-compat/-/async-compat-1.4.7.tgz",
      "integrity": "sha512-DzJRBBF6Q+AJYuAnFXflE5P0FEkJ7oKMOOR4YhzMNZsDnXOSUdCpYt+PpbCGrljempC3hujxy48rHBcBAWdr7g==",
      "dependencies": {
        "is-error": "^2.2.2",
        "is-promise": "^4.0.0"
      },
      "engines": {
        "node": ">=0.8"
      }
    },
    "node_modules/async-compat-1.3.0": {
      "name": "async-compatibilty",
      "version": "1.4.1",
      "resolved": "https://registry.npmjs.org/async-compatibilty/-/async-compatibilty-1.4.1.tgz",
      "integrity": "sha512-yYk3mlu6EfAc/hi3hpDEz3NsFdr4+qZ5Lyifbg1khdKrWn0mVPK1x1nsUjJRCzi+ayC1KX0qQu21rWRCiGCdOg==",
      "dependencies": {
        "async-compat": "*"
      },
      "engines": {
        "node": ">=0.10.0"
      }
    },
    "node_modules/benchmark-suite": {
      "version": "0.1.8",
      "resolved": "https://registry.npmjs.org/benchmark-suite/-/benchmark-suite-0.1.8.tgz",
      "integrity": "sha512-UDfWBQfeq/lXcsjuGAanOrX6AhP6HQSsutGS7CfStcbE1loLge7aQr5DT6n8r/4bUoiK+5RYwnogNu5UuTBMNg==",
      "dependencies": {
        "eventemitter3": "^4.0.7",
        "expose-gc": "^1.0.0",
        "human-format": "^1.0.0",
        "pretty-bytes": "^5.6.0",
        "stats-accumulator": "^1.1.2"
      },
      "engines": {
        "node": ">=8"
      }
    },
    "node_modules/eventemitter3": {
      "version": "4.0.7",
      "resolved": "https://registry.npmjs.org/eventemitter3/-/eventemitter3-4.0.7.tgz",
      "integrity": "sha512-8guHBZCwKnFhYdHr2ysuRWErTwhoN2X8XELRlrRwpmfeY2jjuUN4taQMsULKUVo1K4DvZl+0pgfyoysHxvmvEw=="
    },
    "node_modules/expose-gc": {
      "version": "1.0.0",
      "resolved": "https://registry.npmjs.org/expose-gc/-/expose-gc-1.0.0.tgz",
      "integrity": "sha512-ecOHrdm+zyOCGIwX18/1RHkUWgxDqGGRiGhaNC+42jReTtudbm2ID/DMa/wpaHwqy5YQHPZvsDqRM2F2iZ0uVA==",
      "engines": {
        "node": ">=4"
      }
    },
    "node_modules/human-format": {
      "version": "1.0.0",
      "resolved": "https://registry.npmjs.org/human-format/-/human-format-1.0.0.tgz",
      "integrity": "sha512-ZfSxF/LHVDb5Un52AguYkZArbiuMbJQwpOpZ0MBuj3pYDmLt7pkCEws9L8xKbgnaKrfMgGd6qc+PHBbKO97AaA==",
      "engines": {
        "node": ">=4"
      }
    },
    "node_modules/is-error": {
      "version": "2.2.2",
      "resolved": "https://registry.npmjs.org/is-error/-/is-error-2.2.2.tgz",
      "integrity": "sha512-IOQqts/aHWbiisY5DuPJQ0gcbvaLFCa7fBa9xoLfxBZvQ+ZI/Zh9xoI7Gk+G64N0FdK4AbibytHht2tWgpJWLg=="
    },
    "node_modules/is-promise": {
      "version": "4.0.0",
      "resolved": "https://registry.npmjs.org/is-promise/-/is-promise-4.0.0.tgz",
      "integrity": "sha512-hvpoI6korhJMnej285dSg6nu1+e6uxs7zG3BYAm5byqDsgJNWwxzM6z6iZiAgQR4TJ30JmBTOwqZUw3WlyH3AQ=="
    },
    "node_modules/pretty-bytes": {
      "version": "5.6.0",
      "resolved": "https://registry.npmjs.org/pretty-bytes/-/pretty-bytes-5.6.0.tgz",
      "integrity": "sha512-FFw039TmrBqFK8ma/7OL3sDz/VytdtJr044/QUJtH0wK9lb9jLq9tJyIxUwtQJHwar2BqtiA4iCWSwo9JLkzFg==",
      "engines": {
        "node": ">=6"
      },
      "funding": {
        "url": "https://github.com/sponsors/sindresorhus"
      }
    },
    "node_modules/stats-accumulator": {
      "version": "1.1.3",
      "resolved": "https://registry.npmjs.org/stats-accumulator/-/stats-accumulator-1.1.3.tgz",
      "integrity": "sha512-ys8OR2RWx4Y9xC/fkFUKI3t2ElHpR4Xdp8rIWVCTl4DWmfS80gvxl0LwNKYUio/ibBUpsoMaUYbWldonVfPBFQ==",
      "engines": {
        "node": ">=0.8"
      }
    }
  },
  "dependencies": {
    "async-compat": {
      "version": "1.4.7",
      "resolved": "https://registry.npmjs.org/async-compat/-/async-compat-1.4.7.tgz",
      "integrity": "sha512-DzJRBBF6Q+AJYuAnFXflE5P0FEkJ7oKMOOR4YhzMNZsDnXOSUdCpYt+PpbCGrljempC3hujxy48rHBcBAWdr7g==",
      "requires": {
        "is-error": "^2.2.2",
        "is-promise": "^4.0.0"
      }
    },
    "async-compat-1.3.0": {
      "version": "npm:async-compatibilty@1.4.1",
      "resolved": "https://registry.npmjs.org/async-compatibilty/-/async-compatibilty-1.4.1.tgz",
      "integrity": "sha512-yYk3mlu6EfAc/hi3hpDEz3NsFdr4+qZ5Lyifbg1khdKrWn0mVPK1x1nsUjJRCzi+ayC1KX0qQu21rWRCiGCdOg==",
      "requires": {
        "async-compat": "*"
      }
    },
    "benchmark-suite": {
      "version": "0.1.8",
      "resolved": "https://registry.npmjs.org/benchmark-suite/-/benchmark-suite-0.1.8.tgz",
      "integrity": "sha512-UDfWBQfeq/lXcsjuGAanOrX6AhP6HQSsutGS7CfStcbE1loLge7aQr5DT6n8r/4bUoiK+5RYwnogNu5UuTBMNg==",
      "requires": {
        "eventemitter3": "^4.0.7",
        "expose-gc": "^1.0.0",
        "human-format": "^1.0.0",
        "pretty-bytes": "^5.6.0",
        "stats-accumulator": "^1.1.2"
      }
    },
    "eventemitter3": {
      "version": "4.0.7",
      "resolved": "https://registry.npmjs.org/eventemitter3/-/eventemitter3-4.0.7.tgz",
      "integrity": "sha512-8guHBZCwKnFhYdHr2ysuRWErTwhoN2X8XELRlrRwpmfeY2jjuUN4taQMsULKUVo1K4DvZl+0pgfyoysHxvmvEw=="
    },
    "expose-gc": {
      "version": "1.0.0",
      "resolved": "https://registry.npmjs.org/expose-gc/-/expose-gc-1.0.0.tgz",
      "integrity": "sha512-ecOHrdm+zyOCGIwX18/1RHkUWgxDqGGRiGhaNC+42jReTtudbm2ID/DMa/wpaHwqy5YQHPZvsDqRM2F2iZ0uVA=="
    },
    "human-format": {
      "version": "1.0.0",
      "resolved": "https://registry.npmjs.org/human-format/-/human-format-1.0.0.tgz",
      "integrity": "sha512-ZfSxF/LHVDb5Un52AguYkZArbiuMbJQwpOpZ0MBuj3pYDmLt7pkCEws9L8xKbgnaKrfMgGd6qc+PHBbKO97AaA=="
    },
    "is-error": {
      "version": "2.2.2",
      "resolved": "https://registry.npmjs.org/is-error/-/is-error-2.2.2.tgz",
      "integrity": "sha512-IOQqts/aHWbiisY5DuPJQ0gcbvaLFCa7fBa9xoLfxBZvQ+ZI/Zh9xoI7Gk+G64N0FdK4AbibytHht2tWgpJWLg=="
    },
    "is-promise": {
      "version": "4.0.0",
      "resolved": "https://registry.npmjs.org/is-promise/-/is-promise-4.0.0.tgz",
      "integrity": "sha512-hvpoI6korhJMnej285dSg6nu1+e6uxs7zG3BYAm5byqDsgJNWwxzM6z6iZiAgQR4TJ30JmBTOwqZUw3WlyH3AQ=="
    },
    "pretty-bytes": {
      "version": "5.6.0",
      "resolved": "https://registry.npmjs.org/pretty-bytes/-/pretty-bytes-5.6.0.tgz",
      "integrity": "sha512-FFw039TmrBqFK8ma/7OL3sDz/VytdtJr044/QUJtH0wK9lb9jLq9tJyIxUwtQJHwar2BqtiA4iCWSwo9JLkzFg=="
    },
    "stats-accumulator": {
      "version": "1.1.3",
      "resolved": "https://registry.npmjs.org/stats-accumulator/-/stats-accumulator-1.1.3.tgz",
      "integrity": "sha512-ys8OR2RWx4Y9xC/fkFUKI3t2ElHpR4Xdp8rIWVCTl4DWmfS80gvxl0LwNKYUio/ibBUpsoMaUYbWldonVfPBFQ=="
    }
  }
}
